// !$*UTF8*$!
{
	archiveVersion = 1;
	classes = {
	};
	objectVersion = 56;
	objects = {

/* Begin PBXBuildFile section */
		6CCAB0AA2C943FC500A5AF99 /* AppDelegate.swift in Sources */ = {isa = PBXBuildFile; fileRef = 6CCAB0A92C943FC500A5AF99 /* AppDelegate.swift */; };
		6CCAB0AC2C943FC500A5AF99 /* SceneDelegate.swift in Sources */ = {isa = PBXBuildFile; fileRef = 6CCAB0AB2C943FC500A5AF99 /* SceneDelegate.swift */; };
		6CCAB0AE2C943FC500A5AF99 /* ViewController.swift in Sources */ = {isa = PBXBuildFile; fileRef = 6CCAB0AD2C943FC500A5AF99 /* ViewController.swift */; };
		6CCAB0B12C943FC500A5AF99 /* Base in Resources */ = {isa = PBXBuildFile; fileRef = 6CCAB0B02C943FC500A5AF99 /* Base */; };
		6CCAB0B32C943FC600A5AF99 /* Assets.xcassets in Resources */ = {isa = PBXBuildFile; fileRef = 6CCAB0B22C943FC600A5AF99 /* Assets.xcassets */; };
		6CCAB0B62C943FC600A5AF99 /* Base in Resources */ = {isa = PBXBuildFile; fileRef = 6CCAB0B52C943FC600A5AF99 /* Base */; };
		8FC03CD92C19D27E89079520 /* Pods_DivisasIosAPP.framework in Frameworks */ = {isa = PBXBuildFile; fileRef = 4215C3FC260895BBCAE70ADF /* Pods_DivisasIosAPP.framework */; };
/* End PBXBuildFile section */

/* Begin PBXFileReference section */
		4215C3FC260895BBCAE70ADF /* Pods_DivisasIosAPP.framework */ = {isa = PBXFileReference; explicitFileType = wrapper.framework; includeInIndex = 0; path = Pods_DivisasIosAPP.framework; sourceTree = BUILT_PRODUCTS_DIR; };
		6CCAB0A62C943FC500A5AF99 /* DivisasIosAPP.app */ = {isa = PBXFileReference; explicitFileType = wrapper.application; includeInIndex = 0; path = DivisasIosAPP.app; sourceTree = BUILT_PRODUCTS_DIR; };
		6CCAB0A92C943FC500A5AF99 /* AppDelegate.swift */ = {isa = PBXFileReference; lastKnownFileType = sourcecode.swift; path = AppDelegate.swift; sourceTree = "<group>"; };
		6CCAB0AB2C943FC500A5AF99 /* SceneDelegate.swift */ = {isa = PBXFileReference; lastKnownFileType = sourcecode.swift; path = SceneDelegate.swift; sourceTree = "<group>"; };
		6CCAB0AD2C943FC500A5AF99 /* ViewController.swift */ = {isa = PBXFileReference; lastKnownFileType = sourcecode.swift; path = ViewController.swift; sourceTree = "<group>"; };
		6CCAB0B02C943FC500A5AF99 /* Base */ = {isa = PBXFileReference; lastKnownFileType = file.storyboard; name = Base; path = Base.lproj/Main.storyboard; sourceTree = "<group>"; };
		6CCAB0B22C943FC600A5AF99 /* Assets.xcassets */ = {isa = PBXFileReference; lastKnownFileType = folder.assetcatalog; path = Assets.xcassets; sourceTree = "<group>"; };
		6CCAB0B52C943FC600A5AF99 /* Base */ = {isa = PBXFileReference; lastKnownFileType = file.storyboard; name = Base; path = Base.lproj/LaunchScreen.storyboard; sourceTree = "<group>"; };
		6CCAB0B72C943FC600A5AF99 /* Info.plist */ = {isa = PBXFileReference; lastKnownFileType = text.plist.xml; path = Info.plist; sourceTree = "<group>"; };
		88347E123CA54A5F1F505817 /* Pods-DivisasIosAPP.release.xcconfig */ = {isa = PBXFileReference; includeInIndex = 1; lastKnownFileType = text.xcconfig; name = "Pods-DivisasIosAPP.release.xcconfig"; path = "Target Support Files/Pods-DivisasIosAPP/Pods-DivisasIosAPP.release.xcconfig"; sourceTree = "<group>"; };
		C6C741D86E32C8FCE6348A23 /* Pods-DivisasIosAPP.debug.xcconfig */ = {isa = PBXFileReference; includeInIndex = 1; lastKnownFileType = text.xcconfig; name = "Pods-DivisasIosAPP.debug.xcconfig"; path = "Target Support Files/Pods-DivisasIosAPP/Pods-DivisasIosAPP.debug.xcconfig"; sourceTree = "<group>"; };
/* End PBXFileReference section */

/* Begin PBXFrameworksBuildPhase section */
		6CCAB0A32C943FC500A5AF99 /* Frameworks */ = {
			isa = PBXFrameworksBuildPhase;
			buildActionMask = 2147483647;
			files = (
				8FC03CD92C19D27E89079520 /* Pods_DivisasIosAPP.framework in Frameworks */,
			);
			runOnlyForDeploymentPostprocessing = 0;
		};
/* End PBXFrameworksBuildPhase section */

/* Begin PBXGroup section */
		6CCAB09D2C943FC500A5AF99 = {
			isa = PBXGroup;
			children = (
				6CCAB0A82C943FC500A5AF99 /* DivisasIosAPP */,
				6CCAB0A72C943FC500A5AF99 /* Products */,
				8698F045801BC0B2DB865B08 /* Pods */,
				EEABE994332EC98E6AF7379C /* Frameworks */,
			);
			sourceTree = "<group>";
		};
		6CCAB0A72C943FC500A5AF99 /* Products */ = {
			isa = PBXGroup;
			children = (
				6CCAB0A62C943FC500A5AF99 /* DivisasIosAPP.app */,
			);
			name = Products;
			sourceTree = "<group>";
		};
		6CCAB0A82C943FC500A5AF99 /* DivisasIosAPP */ = {
			isa = PBXGroup;
			children = (
				6CCAB0A92C943FC500A5AF99 /* AppDelegate.swift */,
				6CCAB0AB2C943FC500A5AF99 /* SceneDelegate.swift */,
				6CCAB0AD2C943FC500A5AF99 /* ViewController.swift */,
				6CCAB0AF2C943FC500A5AF99 /* Main.storyboard */,
				6CCAB0B22C943FC600A5AF99 /* Assets.xcassets */,
				6CCAB0B42C943FC600A5AF99 /* LaunchScreen.storyboard */,
				6CCAB0B72C943FC600A5AF99 /* Info.plist */,
			);
			path = DivisasIosAPP;
			sourceTree = "<group>";
		};
		8698F045801BC0B2DB865B08 /* Pods */ = {
			isa = PBXGroup;
			children = (
				C6C741D86E32C8FCE6348A23 /* Pods-DivisasIosAPP.debug.xcconfig */,
				88347E123CA54A5F1F505817 /* Pods-DivisasIosAPP.release.xcconfig */,
			);
			name = Pods;
			path = Pods;
			sourceTree = "<group>";
		};
		EEABE994332EC98E6AF7379C /* Frameworks */ = {
			isa = PBXGroup;
			children = (
				4215C3FC260895BBCAE70ADF /* Pods_DivisasIosAPP.framework */,
			);
			name = Frameworks;
			sourceTree = "<group>";
		};
/* End PBXGroup section */

/* Begin PBXNativeTarget section */
		6CCAB0A52C943FC500A5AF99 /* DivisasIosAPP */ = {
			isa = PBXNativeTarget;
			buildConfigurationList = 6CCAB0BA2C943FC600A5AF99 /* Build configuration list for PBXNativeTarget "DivisasIosAPP" */;
			buildPhases = (
				80BB3799F72BFF087A62D2F6 /* [CP] Check Pods Manifest.lock */,
				6CCAB0A22C943FC500A5AF99 /* Sources */,
				6CCAB0A32C943FC500A5AF99 /* Frameworks */,
				6CCAB0A42C943FC500A5AF99 /* Resources */,
			);
			buildRules = (
			);
			dependencies = (
			);
			name = DivisasIosAPP;
			productName = DivisasIosAPP;
			productReference = 6CCAB0A62C943FC500A5AF99 /* DivisasIosAPP.app */;
			productType = "com.apple.product-type.application";
		};
/* End PBXNativeTarget section */

/* Begin PBXProject section */
		6CCAB09E2C943FC500A5AF99 /* Project object */ = {
			isa = PBXProject;
			attributes = {
				BuildIndependentTargetsInParallel = 1;
				LastSwiftUpdateCheck = 1540;
				LastUpgradeCheck = 1540;
				TargetAttributes = {
					6CCAB0A52C943FC500A5AF99 = {
						CreatedOnToolsVersion = 15.4;
					};
				};
			};
			buildConfigurationList = 6CCAB0A12C943FC500A5AF99 /* Build configuration list for PBXProject "DivisasIosAPP" */;
			compatibilityVersion = "Xcode 14.0";
			developmentRegion = en;
			hasScannedForEncodings = 0;
			knownRegions = (
				en,
				Base,
			);
			mainGroup = 6CCAB09D2C943FC500A5AF99;
			productRefGroup = 6CCAB0A72C943FC500A5AF99 /* Products */;
			projectDirPath = "";
			projectRoot = "";
			targets = (
				6CCAB0A52C943FC500A5AF99 /* DivisasIosAPP */,
			);
		};
/* End PBXProject section */

/* Begin PBXResourcesBuildPhase section */
		6CCAB0A42C943FC500A5AF99 /* Resources */ = {
			isa = PBXResourcesBuildPhase;
			buildActionMask = 2147483647;
			files = (
				6CCAB0B32C943FC600A5AF99 /* Assets.xcassets in Resources */,
				6CCAB0B62C943FC600A5AF99 /* Base in Resources */,
				6CCAB0B12C943FC500A5AF99 /* Base in Resources */,
			);
			runOnlyForDeploymentPostprocessing = 0;
		};
/* End PBXResourcesBuildPhase section */

/* Begin PBXShellScriptBuildPhase section */
		80BB3799F72BFF087A62D2F6 /* [CP] Check Pods Manifest.lock */ = {
			isa = PBXShellScriptBuildPhase;
			buildActionMask = 2147483647;
			files = (
			);
			inputFileListPaths = (
			);
			inputPaths = (
				"${PODS_PODFILE_DIR_PATH}/Podfile.lock",
				"${PODS_ROOT}/Manifest.lock",
			);
			name = "[CP] Check Pods Manifest.lock";
			outputFileListPaths = (
			);
			outputPaths = (
				"$(DERIVED_FILE_DIR)/Pods-DivisasIosAPP-checkManifestLockResult.txt",
			);
			runOnlyForDeploymentPostprocessing = 0;
			shellPath = /bin/sh;
			shellScript = "diff \"${PODS_PODFILE_DIR_PATH}/Podfile.lock\" \"${PODS_ROOT}/Manifest.lock\" > /dev/null\nif [ $? != 0 ] ; then\n    # print error to STDERR\n    echo \"error: The sandbox is not in sync with the Podfile.lock. Run 'pod install' or update your CocoaPods installation.\" >&2\n    exit 1\nfi\n# This output is used by Xcode 'outputs' to avoid re-running this script phase.\necho \"SUCCESS\" > \"${SCRIPT_OUTPUT_FILE_0}\"\n";
			showEnvVarsInLog = 0;
		};
/* End PBXShellScriptBuildPhase section */

/* Begin PBXSourcesBuildPhase section */
		6CCAB0A22C943FC500A5AF99 /* Sources */ = {
			isa = PBXSourcesBuildPhase;
			buildActionMask = 2147483647;
			files = (
				6CCAB0AE2C943FC500A5AF99 /* ViewController.swift in Sources */,
				6CCAB0AA2C943FC500A5AF99 /* AppDelegate.swift in Sources */,
				6CCAB0AC2C943FC500A5AF99 /* SceneDelegate.swift in Sources */,
			);
			runOnlyForDeploymentPostprocessing = 0;
		};
/* End PBXSourcesBuildPhase section */

/* Begin PBXVariantGroup section */
		6CCAB0AF2C943FC500A5AF99 /* Main.storyboard */ = {
			isa = PBXVariantGroup;
			children = (
				6CCAB0B02C943FC500A5AF99 /* Base */,
			);
			name = Main.storyboard;
			sourceTree = "<group>";
		};
		6CCAB0B42C943FC600A5AF99 /* LaunchScreen.storyboard */ = {
			isa = PBXVariantGroup;
			children = (
				6CCAB0B52C943FC600A5AF99 /* Base */,
			);
			name = LaunchScreen.storyboard;
			sourceTree = "<group>";
		};
/* End PBXVariantGroup section */

/* Begin XCBuildConfiguration section */
		6CCAB0B82C943FC600A5AF99 /* Debug */ = {
			isa = XCBuildConfiguration;
			buildSettings = {
				ALWAYS_SEARCH_USER_PATHS = NO;
				ASSETCATALOG_COMPILER_GENERATE_SWIFT_ASSET_SYMBOL_EXTENSIONS = YES;
				CLANG_ANALYZER_NONNULL = YES;
				CLANG_ANALYZER_NUMBER_OBJECT_CONVERSION = YES_AGGRESSIVE;
				CLANG_CXX_LANGUAGE_STANDARD = "gnu++20";
				CLANG_ENABLE_MODULES = YES;
				CLANG_ENABLE_OBJC_ARC = YES;
				CLANG_ENABLE_OBJC_WEAK = YES;
				CLANG_WARN_BLOCK_CAPTURE_AUTORELEASING = YES;
				CLANG_WARN_BOOL_CONVERSION = YES;
				CLANG_WARN_COMMA = YES;
				CLANG_WARN_CONSTANT_CONVERSION = YES;
				CLANG_WARN_DEPRECATED_OBJC_IMPLEMENTATIONS = YES;
				CLANG_WARN_DIRECT_OBJC_ISA_USAGE = YES_ERROR;
				CLANG_WARN_DOCUMENTATION_COMMENTS = YES;
				CLANG_WARN_EMPTY_BODY = YES;
				CLANG_WARN_ENUM_CONVERSION = YES;
				CLANG_WARN_INFINITE_RECURSION = YES;
				CLANG_WARN_INT_CONVERSION = YES;
				CLANG_WARN_NON_LITERAL_NULL_CONVERSION = YES;
				CLANG_WARN_OBJC_IMPLICIT_RETAIN_SELF = YES;
				CLANG_WARN_OBJC_LITERAL_CONVERSION = YES;
				CLANG_WARN_OBJC_ROOT_CLASS = YES_ERROR;
				CLANG_WARN_QUOTED_INCLUDE_IN_FRAMEWORK_HEADER = YES;
				CLANG_WARN_RANGE_LOOP_ANALYSIS = YES;
				CLANG_WARN_STRICT_PROTOTYPES = YES;
				CLANG_WARN_SUSPICIOUS_MOVE = YES;
				CLANG_WARN_UNGUARDED_AVAILABILITY = YES_AGGRESSIVE;
				CLANG_WARN_UNREACHABLE_CODE = YES;
				CLANG_WARN__DUPLICATE_METHOD_MATCH = YES;
				COPY_PHASE_STRIP = NO;
				DEBUG_INFORMATION_FORMAT = dwarf;
				ENABLE_STRICT_OBJC_MSGSEND = YES;
				ENABLE_TESTABILITY = YES;
				ENABLE_USER_SCRIPT_SANDBOXING = YES;
				GCC_C_LANGUAGE_STANDARD = gnu17;
				GCC_DYNAMIC_NO_PIC = NO;
				GCC_NO_COMMON_BLOCKS = YES;
				GCC_OPTIMIZATION_LEVEL = 0;
				GCC_PREPROCESSOR_DEFINITIONS = (
					"DEBUG=1",
					"$(inherited)",
				);
				GCC_WARN_64_TO_32_BIT_CONVERSION = YES;
				GCC_WARN_ABOUT_RETURN_TYPE = YES_ERROR;
				GCC_WARN_UNDECLARED_SELECTOR = YES;
				GCC_WARN_UNINITIALIZED_AUTOS = YES_AGGRESSIVE;
				GCC_WARN_UNUSED_FUNCTION = YES;
				GCC_WARN_UNUSED_VARIABLE = YES;
				IPHONEOS_DEPLOYMENT_TARGET = 17.5;
				LOCALIZATION_PREFERS_STRING_CATALOGS = YES;
				MTL_ENABLE_DEBUG_INFO = INCLUDE_SOURCE;
				MTL_FAST_MATH = YES;
				ONLY_ACTIVE_ARCH = YES;
				SDKROOT = iphoneos;
				SWIFT_ACTIVE_COMPILATION_CONDITIONS = "DEBUG $(inherited)";
				SWIFT_OPTIMIZATION_LEVEL = "-Onone";
			};
			name = Debug;
		};
		6CCAB0B92C943FC600A5AF99 /* Release */ = {
			isa = XCBuildConfiguration;
			buildSettings = {
				ALWAYS_SEARCH_USER_PATHS = NO;
				ASSETCATALOG_COMPILER_GENERATE_SWIFT_ASSET_SYMBOL_EXTENSIONS = YES;
				CLANG_ANALYZER_NONNULL = YES;
				CLANG_ANALYZER_NUMBER_OBJECT_CONVERSION = YES_AGGRESSIVE;
				CLANG_CXX_LANGUAGE_STANDARD = "gnu++20";
				CLANG_ENABLE_MODULES = YES;
				CLANG_ENABLE_OBJC_ARC = YES;
				CLANG_ENABLE_OBJC_WEAK = YES;
				CLANG_WARN_BLOCK_CAPTURE_AUTORELEASING = YES;
				CLANG_WARN_BOOL_CONVERSION = YES;
				CLANG_WARN_COMMA = YES;
				CLANG_WARN_CONSTANT_CONVERSION = YES;
				CLANG_WARN_DEPRECATED_OBJC_IMPLEMENTATIONS = YES;
				CLANG_WARN_DIRECT_OBJC_ISA_USAGE = YES_ERROR;
				CLANG_WARN_DOCUMENTATION_COMMENTS = YES;
				CLANG_WARN_EMPTY_BODY = YES;
				CLANG_WARN_ENUM_CONVERSION = YES;
				CLANG_WARN_INFINITE_RECURSION = YES;
				CLANG_WARN_INT_CONVERSION = YES;
				CLANG_WARN_NON_LITERAL_NULL_CONVERSION = YES;
				CLANG_WARN_OBJC_IMPLICIT_RETAIN_SELF = YES;
				CLANG_WARN_OBJC_LITERAL_CONVERSION = YES;
				CLANG_WARN_OBJC_ROOT_CLASS = YES_ERROR;
				CLANG_WARN_QUOTED_INCLUDE_IN_FRAMEWORK_HEADER = YES;
				CLANG_WARN_RANGE_LOOP_ANALYSIS = YES;
				CLANG_WARN_STRICT_PROTOTYPES = YES;
				CLANG_WARN_SUSPICIOUS_MOVE = YES;
				CLANG_WARN_UNGUARDED_AVAILABILITY = YES_AGGRESSIVE;
				CLANG_WARN_UNREACHABLE_CODE = YES;
				CLANG_WARN__DUPLICATE_METHOD_MATCH = YES;
				COPY_PHASE_STRIP = NO;
				DEBUG_INFORMATION_FORMAT = "dwarf-with-dsym";
				ENABLE_NS_ASSERTIONS = NO;
				ENABLE_STRICT_OBJC_MSGSEND = YES;
				ENABLE_USER_SCRIPT_SANDBOXING = YES;
				GCC_C_LANGUAGE_STANDARD = gnu17;
				GCC_NO_COMMON_BLOCKS = YES;
				GCC_WARN_64_TO_32_BIT_CONVERSION = YES;
				GCC_WARN_ABOUT_RETURN_TYPE = YES_ERROR;
				GCC_WARN_UNDECLARED_SELECTOR = YES;
				GCC_WARN_UNINITIALIZED_AUTOS = YES_AGGRESSIVE;
				GCC_WARN_UNUSED_FUNCTION = YES;
				GCC_WARN_UNUSED_VARIABLE = YES;
				IPHONEOS_DEPLOYMENT_TARGET = 17.5;
				LOCALIZATION_PREFERS_STRING_CATALOGS = YES;
				MTL_ENABLE_DEBUG_INFO = NO;
				MTL_FAST_MATH = YES;
				SDKROOT = iphoneos;
				SWIFT_COMPILATION_MODE = wholemodule;
				VALIDATE_PRODUCT = YES;
			};
			name = Release;
		};
		6CCAB0BB2C943FC600A5AF99 /* Debug */ = {
			isa = XCBuildConfiguration;
			baseConfigurationReference = C6C741D86E32C8FCE6348A23 /* Pods-DivisasIosAPP.debug.xcconfig */;
			buildSettings = {
				ASSETCATALOG_COMPILER_APPICON_NAME = AppIcon;
				ASSETCATALOG_COMPILER_GLOBAL_ACCENT_COLOR_NAME = AccentColor;
				CODE_SIGN_STYLE = Automatic;
				CURRENT_PROJECT_VERSION = 1;
				GENERATE_INFOPLIST_FILE = YES;
				INFOPLIST_FILE = DivisasIosAPP/Info.plist;
				INFOPLIST_KEY_UIApplicationSupportsIndirectInputEvents = YES;
				INFOPLIST_KEY_UILaunchStoryboardName = LaunchScreen;
				INFOPLIST_KEY_UIMainStoryboardFile = Main;
				INFOPLIST_KEY_UISupportedInterfaceOrientations_iPad = "UIInterfaceOrientationPortrait UIInterfaceOrientationPortraitUpsideDown UIInterfaceOrientationLandscapeLeft UIInterfaceOrientationLandscapeRight";
				INFOPLIST_KEY_UISupportedInterfaceOrientations_iPhone = "UIInterfaceOrientationPortrait UIInterfaceOrientationLandscapeLeft UIInterfaceOrientationLandscapeRight";
				LD_RUNPATH_SEARCH_PATHS = (
					"$(inherited)",
					"@executable_path/Frameworks",
				);
				MARKETING_VERSION = 1.0;
				PRODUCT_BUNDLE_IDENTIFIER = com.example.DivisasIosAPP;
				PRODUCT_NAME = "$(TARGET_NAME)";
				SWIFT_EMIT_LOC_STRINGS = YES;
				SWIFT_VERSION = 5.0;
				TARGETED_DEVICE_FAMILY = "1,2";
			};
			name = Debug;
		};
		6CCAB0BC2C943FC600A5AF99 /* Release */ = {
			isa = XCBuildConfiguration;
			baseConfigurationReference = 88347E123CA54A5F1F505817 /* Pods-DivisasIosAPP.release.xcconfig */;
			buildSettings = {
				ASSETCATALOG_COMPILER_APPICON_NAME = AppIcon;
				ASSETCATALOG_COMPILER_GLOBAL_ACCENT_COLOR_NAME = AccentColor;
				CODE_SIGN_STYLE = Automatic;
				CURRENT_PROJECT_VERSION = 1;
				GENERATE_INFOPLIST_FILE = YES;
				INFOPLIST_FILE = DivisasIosAPP/Info.plist;
				INFOPLIST_KEY_UIApplicationSupportsIndirectInputEvents = YES;
				INFOPLIST_KEY_UILaunchStoryboardName = LaunchScreen;
				INFOPLIST_KEY_UIMainStoryboardFile = Main;
				INFOPLIST_KEY_UISupportedInterfaceOrientations_iPad = "UIInterfaceOrientationPortrait UIInterfaceOrientationPortraitUpsideDown UIInterfaceOrientationLandscapeLeft UIInterfaceOrientationLandscapeRight";
				INFOPLIST_KEY_UISupportedInterfaceOrientations_iPhone = "UIInterfaceOrientationPortrait UIInterfaceOrientationLandscapeLeft UIInterfaceOrientationLandscapeRight";
				LD_RUNPATH_SEARCH_PATHS = (
					"$(inherited)",
					"@executable_path/Frameworks",
				);
				MARKETING_VERSION = 1.0;
				PRODUCT_BUNDLE_IDENTIFIER = com.example.DivisasIosAPP;
				PRODUCT_NAME = "$(TARGET_NAME)";
				SWIFT_EMIT_LOC_STRINGS = YES;
				SWIFT_VERSION = 5.0;
				TARGETED_DEVICE_FAMILY = "1,2";
			};
			name = Release;
		};
/* End XCBuildConfiguration section */

/* Begin XCConfigurationList section */
		6CCAB0A12C943FC500A5AF99 /* Build configuration list for PBXProject "DivisasIosAPP" */ = {
			isa = XCConfigurationList;
			buildConfigurations = (
				6CCAB0B82C943FC600A5AF99 /* Debug */,
				6CCAB0B92C943FC600A5AF99 /* Release */,
			);
			defaultConfigurationIsVisible = 0;
			defaultConfigurationName = Release;
		};
		6CCAB0BA2C943FC600A5AF99 /* Build configuration list for PBXNativeTarget "DivisasIosAPP" */ = {
			isa = XCConfigurationList;
			buildConfigurations = (
				6CCAB0BB2C943FC600A5AF99 /* Debug */,
				6CCAB0BC2C943FC600A5AF99 /* Release */,
			);
			defaultConfigurationIsVisible = 0;
			defaultConfigurationName = Release;
		};
/* End XCConfigurationList section */
	};
	rootObject = 6CCAB09E2C943FC500A5AF99 /* Project object */;
}
